
Microsoft Visual Studio Solution File, Format Version 12.00
# Visual Studio Version 16
VisualStudioVersion = 16.0.28917.181
MinimumVisualStudioVersion = 10.0.40219.1
Project("{FAE04EC0-301F-11D3-BF4B-00C04F79EFBC}") = "DotaItems", "DotaItems\DotaItems.csproj", "{6A8B2B36-8E53-4DFB-BD24-7453998A3F6B}"
EndProject
Global
	GlobalSection(SolutionConfigurationPlatforms) = preSolution
		Debug|Any CPU = Debug|Any CPU
		Release|Any CPU = Release|Any CPU
	EndGlobalSection
	GlobalSection(ProjectConfigurationPlatforms) = postSolution
		{6A8B2B36-8E53-4DFB-BD24-7453998A3F6B}.Debug|Any CPU.ActiveCfg = Debug|Any CPU
		{6A8B2B36-8E53-4DFB-BD24-7453998A3F6B}.Debug|Any CPU.Build.0 = Debug|Any CPU
		{6A8B2B36-8E53-4DFB-BD24-7453998A3F6B}.Release|Any CPU.ActiveCfg = Release|Any CPU
		{6A8B2B36-8E53-4DFB-BD24-7453998A3F6B}.Release|Any CPU.Build.0 = Release|Any CPU
	EndGlobalSection
	GlobalSection(SolutionProperties) = preSolution
		HideSolutionNode = FALSE
	EndGlobalSection
	GlobalSection(ExtensibilityGlobals) = postSolution
		SolutionGuid = {AB4D2126-E240-460E-80B6-F974F0D574D1}
	EndGlobalSection
EndGlobal
